
Microsoft Visual Studio Solution File, Format Version 12.00
# Visual Studio Version 16
VisualStudioVersion = 16.0.30804.86
MinimumVisualStudioVersion = 10.0.40219.1
Project("{888888A0-9F3D-457C-B088-3A5042F75D52}") = "seq2seq_demo_live", "seq2seq_demo_live\seq2seq_demo_live.pyproj", "{1D62F962-7C84-4611-997B-E7ED8E82EADA}"
EndProject
Global
	GlobalSection(SolutionConfigurationPlatforms) = preSolution
		Debug|Any CPU = Debug|Any CPU
		Release|Any CPU = Release|Any CPU
	EndGlobalSection
	GlobalSection(ProjectConfigurationPlatforms) = postSolution
		{1D62F962-7C84-4611-997B-E7ED8E82EADA}.Debug|Any CPU.ActiveCfg = Debug|Any CPU
		{1D62F962-7C84-4611-997B-E7ED8E82EADA}.Release|Any CPU.ActiveCfg = Release|Any CPU
	EndGlobalSection
	GlobalSection(SolutionProperties) = preSolution
		HideSolutionNode = FALSE
	EndGlobalSection
	GlobalSection(ExtensibilityGlobals) = postSolution
		SolutionGuid = {96BEC57A-0D4F-4F60-96EC-3526A8B148D7}
	EndGlobalSection
EndGlobal
